
Microsoft Visual Studio Solution File, Format Version 12.00
# Visual Studio Version 16
VisualStudioVersion = 16.0.29709.97
MinimumVisualStudioVersion = 10.0.40219.1
Project("{FAE04EC0-301F-11D3-BF4B-00C04F79EFBC}") = "STL2_Act_1", "STL2_Act_1\STL2_Act_1.csproj", "{C51C399E-2145-4920-945B-CFAFA54E7B4E}"
EndProject
Global
	GlobalSection(SolutionConfigurationPlatforms) = preSolution
		Debug|Any CPU = Debug|Any CPU
		Release|Any CPU = Release|Any CPU
	EndGlobalSection
	GlobalSection(ProjectConfigurationPlatforms) = postSolution
		{C51C399E-2145-4920-945B-CFAFA54E7B4E}.Debug|Any CPU.ActiveCfg = Debug|Any CPU
		{C51C399E-2145-4920-945B-CFAFA54E7B4E}.Debug|Any CPU.Build.0 = Debug|Any CPU
		{C51C399E-2145-4920-945B-CFAFA54E7B4E}.Release|Any CPU.ActiveCfg = Release|Any CPU
		{C51C399E-2145-4920-945B-CFAFA54E7B4E}.Release|Any CPU.Build.0 = Release|Any CPU
	EndGlobalSection
	GlobalSection(SolutionProperties) = preSolution
		HideSolutionNode = FALSE
	EndGlobalSection
	GlobalSection(ExtensibilityGlobals) = postSolution
		SolutionGuid = {B7C25EBE-6889-4BFE-AC14-6989842031C7}
	EndGlobalSection
EndGlobal
